// !$*UTF8*$!
{
	archiveVersion = 1;
	classes = {
	};
	objectVersion = 46;
	objects = {

/* Begin PBXBuildFile section */
		AECC2AAF1D45AB890085558D /* AppDelegate.swift in Sources */ = {isa = PBXBuildFile; fileRef = AECC2AAE1D45AB890085558D /* AppDelegate.swift */; };
		AECC2AB11D45AB890085558D /* ViewController.swift in Sources */ = {isa = PBXBuildFile; fileRef = AECC2AB01D45AB890085558D /* ViewController.swift */; };
		AECC2AB41D45AB890085558D /* Main.storyboard in Resources */ = {isa = PBXBuildFile; fileRef = AECC2AB21D45AB890085558D /* Main.storyboard */; };
		AECC2AB61D45AB890085558D /* Assets.xcassets in Resources */ = {isa = PBXBuildFile; fileRef = AECC2AB51D45AB890085558D /* Assets.xcassets */; };
		AECC2AB91D45AB890085558D /* LaunchScreen.storyboard in Resources */ = {isa = PBXBuildFile; fileRef = AECC2AB71D45AB890085558D /* LaunchScreen.storyboard */; };
/* End PBXBuildFile section */

/* Begin PBXFileReference section */
		AECC2AAB1D45AB890085558D /* cookieTapper.app */ = {isa = PBXFileReference; explicitFileType = wrapper.application; includeInIndex = 0; path = cookieTapper.app; sourceTree = BUILT_PRODUCTS_DIR; };
		AECC2AAE1D45AB890085558D /* AppDelegate.swift */ = {isa = PBXFileReference; lastKnownFileType = sourcecode.swift; path = AppDelegate.swift; sourceTree = "<group>"; };
		AECC2AB01D45AB890085558D /* ViewController.swift */ = {isa = PBXFileReference; lastKnownFileType = sourcecode.swift; path = ViewController.swift; sourceTree = "<group>"; };
		AECC2AB31D45AB890085558D /* Base */ = {isa = PBXFileReference; lastKnownFileType = file.storyboard; name = Base; path = Base.lproj/Main.storyboard; sourceTree = "<group>"; };
		AECC2AB51D45AB890085558D /* Assets.xcassets */ = {isa = PBXFileReference; lastKnownFileType = folder.assetcatalog; path = Assets.xcassets; sourceTree = "<group>"; };
		AECC2AB81D45AB890085558D /* Base */ = {isa = PBXFileReference; lastKnownFileType = file.storyboard; name = Base; path = Base.lproj/LaunchScreen.storyboard; sourceTree = "<group>"; };
		AECC2ABA1D45AB890085558D /* Info.plist */ = {isa = PBXFileReference; lastKnownFileType = text.plist.xml; path = Info.plist; sourceTree = "<group>"; };
/* End PBXFileReference section */

/* Begin PBXFrameworksBuildPhase section */
		AECC2AA81D45AB890085558D /* Frameworks */ = {
			isa = PBXFrameworksBuildPhase;
			buildActionMask = 2147483647;
			files = (
			);
			runOnlyForDeploymentPostprocessing = 0;
		};
/* End PBXFrameworksBuildPhase section */

/* Begin PBXGroup section */
		AECC2AA21D45AB880085558D = {
			isa = PBXGroup;
			children = (
				AECC2AAD1D45AB890085558D /* cookieTapper */,
				AECC2AAC1D45AB890085558D /* Products */,
			);
			sourceTree = "<group>";
		};
		AECC2AAC1D45AB890085558D /* Products */ = {
			isa = PBXGroup;
			children = (
				AECC2AAB1D45AB890085558D /* cookieTapper.app */,
			);
			name = Products;
			sourceTree = "<group>";
		};
		AECC2AAD1D45AB890085558D /* cookieTapper */ = {
			isa = PBXGroup;
			children = (
				AECC2AAE1D45AB890085558D /* AppDelegate.swift */,
				AECC2AB01D45AB890085558D /* ViewController.swift */,
				AECC2AB21D45AB890085558D /* Main.storyboard */,
				AECC2AB51D45AB890085558D /* Assets.xcassets */,
				AECC2AB71D45AB890085558D /* LaunchScreen.storyboard */,
				AECC2ABA1D45AB890085558D /* Info.plist */,
			);
			path = cookieTapper;
			sourceTree = "<group>";
		};
/* End PBXGroup section */

/* Begin PBXNativeTarget section */
		AECC2AAA1D45AB890085558D /* cookieTapper */ = {
			isa = PBXNativeTarget;
			buildConfigurationList = AECC2ABD1D45AB890085558D /* Build configuration list for PBXNativeTarget "cookieTapper" */;
			buildPhases = (
				AECC2AA71D45AB890085558D /* Sources */,
				AECC2AA81D45AB890085558D /* Frameworks */,
				AECC2AA91D45AB890085558D /* Resources */,
			);
			buildRules = (
			);
			dependencies = (
			);
			name = cookieTapper;
			productName = cookieTapper;
			productReference = AECC2AAB1D45AB890085558D /* cookieTapper.app */;
			productType = "com.apple.product-type.application";
		};
/* End PBXNativeTarget section */

/* Begin PBXProject section */
		AECC2AA31D45AB880085558D /* Project object */ = {
			isa = PBXProject;
			attributes = {
				LastSwiftUpdateCheck = 0730;
				LastUpgradeCheck = 0730;
				ORGANIZATIONNAME = "Duncan Hamilton";
				TargetAttributes = {
					AECC2AAA1D45AB890085558D = {
						CreatedOnToolsVersion = 7.3.1;
					};
				};
			};
			buildConfigurationList = AECC2AA61D45AB880085558D /* Build configuration list for PBXProject "cookieTapper" */;
			compatibilityVersion = "Xcode 3.2";
			developmentRegion = English;
			hasScannedForEncodings = 0;
			knownRegions = (
				en,
				Base,
			);
			mainGroup = AECC2AA21D45AB880085558D;
			productRefGroup = AECC2AAC1D45AB890085558D /* Products */;
			projectDirPath = "";
			projectRoot = "";
			targets = (
				AECC2AAA1D45AB890085558D /* cookieTapper */,
			);
		};
/* End PBXProject section */

/* Begin PBXResourcesBuildPhase section */
		AECC2AA91D45AB890085558D /* Resources */ = {
			isa = PBXResourcesBuildPhase;
			buildActionMask = 2147483647;
			files = (
				AECC2AB91D45AB890085558D /* LaunchScreen.storyboard in Resources */,
				AECC2AB61D45AB890085558D /* Assets.xcassets in Resources */,
				AECC2AB41D45AB890085558D /* Main.storyboard in Resources */,
			);
			runOnlyForDeploymentPostprocessing = 0;
		};
/* End PBXResourcesBuildPhase section */

/* Begin PBXSourcesBuildPhase section */
		AECC2AA71D45AB890085558D /* Sources */ = {
			isa = PBXSourcesBuildPhase;
			buildActionMask = 2147483647;
			files = (
				AECC2AB11D45AB890085558D /* ViewController.swift in Sources */,
				AECC2AAF1D45AB890085558D /* AppDelegate.swift in Sources */,
			);
			runOnlyForDeploymentPostprocessing = 0;
		};
/* End PBXSourcesBuildPhase section */

/* Begin PBXVariantGroup section */
		AECC2AB21D45AB890085558D /* Main.storyboard */ = {
			isa = PBXVariantGroup;
			children = (
				AECC2AB31D45AB890085558D /* Base */,
			);
			name = Main.storyboard;
			sourceTree = "<group>";
		};
		AECC2AB71D45AB890085558D /* LaunchScreen.storyboard */ = {
			isa = PBXVariantGroup;
			children = (
				AECC2AB81D45AB890085558D /* Base */,
			);
			name = LaunchScreen.storyboard;
			sourceTree = "<group>";
		};
/* End PBXVariantGroup section */

/* Begin XCBuildConfiguration section */
		AECC2ABB1D45AB890085558D /* Debug */ = {
			isa = XCBuildConfiguration;
			buildSettings = {
				ALWAYS_SEARCH_USER_PATHS = NO;
				CLANG_ANALYZER_NONNULL = YES;
				CLANG_CXX_LANGUAGE_STANDARD = "gnu++0x";
				CLANG_CXX_LIBRARY = "libc++";
				CLANG_ENABLE_MODULES = YES;
				CLANG_ENABLE_OBJC_ARC = YES;
				CLANG_WARN_BOOL_CONVERSION = YES;
				CLANG_WARN_CONSTANT_CONVERSION = YES;
				CLANG_WARN_DIRECT_OBJC_ISA_USAGE = YES_ERROR;
				CLANG_WARN_EMPTY_BODY = YES;
				CLANG_WARN_ENUM_CONVERSION = YES;
				CLANG_WARN_INT_CONVERSION = YES;
				CLANG_WARN_OBJC_ROOT_CLASS = YES_ERROR;
				CLANG_WARN_UNREACHABLE_CODE = YES;
				CLANG_WARN__DUPLICATE_METHOD_MATCH = YES;
				"CODE_SIGN_IDENTITY[sdk=iphoneos*]" = "iPhone Developer";
				COPY_PHASE_STRIP = NO;
				DEBUG_INFORMATION_FORMAT = dwarf;
				ENABLE_STRICT_OBJC_MSGSEND = YES;
				ENABLE_TESTABILITY = YES;
				GCC_C_LANGUAGE_STANDARD = gnu99;
				GCC_DYNAMIC_NO_PIC = NO;
				GCC_NO_COMMON_BLOCKS = YES;
				GCC_OPTIMIZATION_LEVEL = 0;
				GCC_PREPROCESSOR_DEFINITIONS = (
					"DEBUG=1",
					"$(inherited)",
				);
				GCC_WARN_64_TO_32_BIT_CONVERSION = YES;
				GCC_WARN_ABOUT_RETURN_TYPE = YES_ERROR;
				GCC_WARN_UNDECLARED_SELECTOR = YES;
				GCC_WARN_UNINITIALIZED_AUTOS = YES_AGGRESSIVE;
				GCC_WARN_UNUSED_FUNCTION = YES;
				GCC_WARN_UNUSED_VARIABLE = YES;
				IPHONEOS_DEPLOYMENT_TARGET = 9.3;
				MTL_ENABLE_DEBUG_INFO = YES;
				ONLY_ACTIVE_ARCH = YES;
				SDKROOT = iphoneos;
				SWIFT_OPTIMIZATION_LEVEL = "-Onone";
			};
			name = Debug;
		};
		AECC2ABC1D45AB890085558D /* Release */ = {
			isa = XCBuildConfiguration;
			buildSettings = {
				ALWAYS_SEARCH_USER_PATHS = NO;
				CLANG_ANALYZER_NONNULL = YES;
				CLANG_CXX_LANGUAGE_STANDARD = "gnu++0x";
				CLANG_CXX_LIBRARY = "libc++";
				CLANG_ENABLE_MODULES = YES;
				CLANG_ENABLE_OBJC_ARC = YES;
				CLANG_WARN_BOOL_CONVERSION = YES;
				CLANG_WARN_CONSTANT_CONVERSION = YES;
				CLANG_WARN_DIRECT_OBJC_ISA_USAGE = YES_ERROR;
				CLANG_WARN_EMPTY_BODY = YES;
				CLANG_WARN_ENUM_CONVERSION = YES;
				CLANG_WARN_INT_CONVERSION = YES;
				CLANG_WARN_OBJC_ROOT_CLASS = YES_ERROR;
				CLANG_WARN_UNREACHABLE_CODE = YES;
				CLANG_WARN__DUPLICATE_METHOD_MATCH = YES;
				"CODE_SIGN_IDENTITY[sdk=iphoneos*]" = "iPhone Developer";
				COPY_PHASE_STRIP = NO;
				DEBUG_INFORMATION_FORMAT = "dwarf-with-dsym";
				ENABLE_NS_ASSERTIONS = NO;
				ENABLE_STRICT_OBJC_MSGSEND = YES;
				GCC_C_LANGUAGE_STANDARD = gnu99;
				GCC_NO_COMMON_BLOCKS = YES;
				GCC_WARN_64_TO_32_BIT_CONVERSION = YES;
				GCC_WARN_ABOUT_RETURN_TYPE = YES_ERROR;
				GCC_WARN_UNDECLARED_SELECTOR = YES;
				GCC_WARN_UNINITIALIZED_AUTOS = YES_AGGRESSIVE;
				GCC_WARN_UNUSED_FUNCTION = YES;
				GCC_WARN_UNUSED_VARIABLE = YES;
				IPHONEOS_DEPLOYMENT_TARGET = 9.3;
				MTL_ENABLE_DEBUG_INFO = NO;
				SDKROOT = iphoneos;
				VALIDATE_PRODUCT = YES;
			};
			name = Release;
		};
		AECC2ABE1D45AB890085558D /* Debug */ = {
			isa = XCBuildConfiguration;
			buildSettings = {
				ASSETCATALOG_COMPILER_APPICON_NAME = AppIcon;
				INFOPLIST_FILE = cookieTapper/Info.plist;
				LD_RUNPATH_SEARCH_PATHS = "$(inherited) @executable_path/Frameworks";
				PRODUCT_BUNDLE_IDENTIFIER = com.rtdcommerce.cookieTapper;
				PRODUCT_NAME = "$(TARGET_NAME)";
				TARGETED_DEVICE_FAMILY = "1,2";
			};
			name = Debug;
		};
		AECC2ABF1D45AB890085558D /* Release */ = {
			isa = XCBuildConfiguration;
			buildSettings = {
				ASSETCATALOG_COMPILER_APPICON_NAME = AppIcon;
				INFOPLIST_FILE = cookieTapper/Info.plist;
				LD_RUNPATH_SEARCH_PATHS = "$(inherited) @executable_path/Frameworks";
				PRODUCT_BUNDLE_IDENTIFIER = com.rtdcommerce.cookieTapper;
				PRODUCT_NAME = "$(TARGET_NAME)";
				TARGETED_DEVICE_FAMILY = "1,2";
			};
			name = Release;
		};
/* End XCBuildConfiguration section */

/* Begin XCConfigurationList section */
		AECC2AA61D45AB880085558D /* Build configuration list for PBXProject "cookieTapper" */ = {
			isa = XCConfigurationList;
			buildConfigurations = (
				AECC2ABB1D45AB890085558D /* Debug */,
				AECC2ABC1D45AB890085558D /* Release */,
			);
			defaultConfigurationIsVisible = 0;
			defaultConfigurationName = Release;
		};
		AECC2ABD1D45AB890085558D /* Build configuration list for PBXNativeTarget "cookieTapper" */ = {
			isa = XCConfigurationList;
			buildConfigurations = (
				AECC2ABE1D45AB890085558D /* Debug */,
				AECC2ABF1D45AB890085558D /* Release */,
			);
			defaultConfigurationIsVisible = 0;
		};
/* End XCConfigurationList section */
	};
	rootObject = AECC2AA31D45AB880085558D /* Project object */;
}
